// !$*UTF8*$!
{
	archiveVersion = 1;
	classes = {
	};
	objectVersion = 56;
	objects = {

/* Begin PBXBuildFile section */
		973327C32B46FB2A00A9AE92 /* AppDelegate.swift in Sources */ = {isa = PBXBuildFile; fileRef = 973327C22B46FB2A00A9AE92 /* AppDelegate.swift */; };
		973327C52B46FB2A00A9AE92 /* SceneDelegate.swift in Sources */ = {isa = PBXBuildFile; fileRef = 973327C42B46FB2A00A9AE92 /* SceneDelegate.swift */; };
		973327C72B46FB2A00A9AE92 /* ViewController.swift in Sources */ = {isa = PBXBuildFile; fileRef = 973327C62B46FB2A00A9AE92 /* ViewController.swift */; };
		973327CA2B46FB2A00A9AE92 /* Main.storyboard in Resources */ = {isa = PBXBuildFile; fileRef = 973327C82B46FB2A00A9AE92 /* Main.storyboard */; };
		973327CC2B46FB2C00A9AE92 /* Assets.xcassets in Resources */ = {isa = PBXBuildFile; fileRef = 973327CB2B46FB2C00A9AE92 /* Assets.xcassets */; };
		973327CF2B46FB2C00A9AE92 /* LaunchScreen.storyboard in Resources */ = {isa = PBXBuildFile; fileRef = 973327CD2B46FB2C00A9AE92 /* LaunchScreen.storyboard */; };
		973327D72B46FBE800A9AE92 /* View2.storyboard in Resources */ = {isa = PBXBuildFile; fileRef = 973327D62B46FBE800A9AE92 /* View2.storyboard */; };
		973327D92B46FCCD00A9AE92 /* View2ViewController.swift in Sources */ = {isa = PBXBuildFile; fileRef = 973327D82B46FCCD00A9AE92 /* View2ViewController.swift */; };
/* End PBXBuildFile section */

/* Begin PBXFileReference section */
		973327BF2B46FB2A00A9AE92 /* DZTMS.app */ = {isa = PBXFileReference; explicitFileType = wrapper.application; includeInIndex = 0; path = DZTMS.app; sourceTree = BUILT_PRODUCTS_DIR; };
		973327C22B46FB2A00A9AE92 /* AppDelegate.swift */ = {isa = PBXFileReference; lastKnownFileType = sourcecode.swift; path = AppDelegate.swift; sourceTree = "<group>"; };
		973327C42B46FB2A00A9AE92 /* SceneDelegate.swift */ = {isa = PBXFileReference; lastKnownFileType = sourcecode.swift; path = SceneDelegate.swift; sourceTree = "<group>"; };
		973327C62B46FB2A00A9AE92 /* ViewController.swift */ = {isa = PBXFileReference; lastKnownFileType = sourcecode.swift; path = ViewController.swift; sourceTree = "<group>"; };
		973327C92B46FB2A00A9AE92 /* Base */ = {isa = PBXFileReference; lastKnownFileType = file.storyboard; name = Base; path = Base.lproj/Main.storyboard; sourceTree = "<group>"; };
		973327CB2B46FB2C00A9AE92 /* Assets.xcassets */ = {isa = PBXFileReference; lastKnownFileType = folder.assetcatalog; path = Assets.xcassets; sourceTree = "<group>"; };
		973327CE2B46FB2C00A9AE92 /* Base */ = {isa = PBXFileReference; lastKnownFileType = file.storyboard; name = Base; path = Base.lproj/LaunchScreen.storyboard; sourceTree = "<group>"; };
		973327D02B46FB2C00A9AE92 /* Info.plist */ = {isa = PBXFileReference; lastKnownFileType = text.plist.xml; path = Info.plist; sourceTree = "<group>"; };
		973327D62B46FBE800A9AE92 /* View2.storyboard */ = {isa = PBXFileReference; lastKnownFileType = file.storyboard; path = View2.storyboard; sourceTree = "<group>"; };
		973327D82B46FCCD00A9AE92 /* View2ViewController.swift */ = {isa = PBXFileReference; lastKnownFileType = sourcecode.swift; path = View2ViewController.swift; sourceTree = "<group>"; };
/* End PBXFileReference section */

/* Begin PBXFrameworksBuildPhase section */
		973327BC2B46FB2A00A9AE92 /* Frameworks */ = {
			isa = PBXFrameworksBuildPhase;
			buildActionMask = 2147483647;
			files = (
			);
			runOnlyForDeploymentPostprocessing = 0;
		};
/* End PBXFrameworksBuildPhase section */

/* Begin PBXGroup section */
		973327B62B46FB2A00A9AE92 = {
			isa = PBXGroup;
			children = (
				973327C12B46FB2A00A9AE92 /* DZTMS */,
				973327C02B46FB2A00A9AE92 /* Products */,
			);
			sourceTree = "<group>";
		};
		973327C02B46FB2A00A9AE92 /* Products */ = {
			isa = PBXGroup;
			children = (
				973327BF2B46FB2A00A9AE92 /* DZTMS.app */,
			);
			name = Products;
			sourceTree = "<group>";
		};
		973327C12B46FB2A00A9AE92 /* DZTMS */ = {
			isa = PBXGroup;
			children = (
				973327C22B46FB2A00A9AE92 /* AppDelegate.swift */,
				973327C42B46FB2A00A9AE92 /* SceneDelegate.swift */,
				973327C62B46FB2A00A9AE92 /* ViewController.swift */,
				973327D82B46FCCD00A9AE92 /* View2ViewController.swift */,
				973327C82B46FB2A00A9AE92 /* Main.storyboard */,
				973327D62B46FBE800A9AE92 /* View2.storyboard */,
				973327CB2B46FB2C00A9AE92 /* Assets.xcassets */,
				973327CD2B46FB2C00A9AE92 /* LaunchScreen.storyboard */,
				973327D02B46FB2C00A9AE92 /* Info.plist */,
			);
			path = DZTMS;
			sourceTree = "<group>";
		};
/* End PBXGroup section */

/* Begin PBXNativeTarget section */
		973327BE2B46FB2A00A9AE92 /* DZTMS */ = {
			isa = PBXNativeTarget;
			buildConfigurationList = 973327D32B46FB2C00A9AE92 /* Build configuration list for PBXNativeTarget "DZTMS" */;
			buildPhases = (
				973327BB2B46FB2A00A9AE92 /* Sources */,
				973327BC2B46FB2A00A9AE92 /* Frameworks */,
				973327BD2B46FB2A00A9AE92 /* Resources */,
			);
			buildRules = (
			);
			dependencies = (
			);
			name = DZTMS;
			productName = DZTMS;
			productReference = 973327BF2B46FB2A00A9AE92 /* DZTMS.app */;
			productType = "com.apple.product-type.application";
		};
/* End PBXNativeTarget section */

/* Begin PBXProject section */
		973327B72B46FB2A00A9AE92 /* Project object */ = {
			isa = PBXProject;
			attributes = {
				BuildIndependentTargetsInParallel = 1;
				LastSwiftUpdateCheck = 1420;
				LastUpgradeCheck = 1420;
				TargetAttributes = {
					973327BE2B46FB2A00A9AE92 = {
						CreatedOnToolsVersion = 14.2;
					};
				};
			};
			buildConfigurationList = 973327BA2B46FB2A00A9AE92 /* Build configuration list for PBXProject "DZTMS" */;
			compatibilityVersion = "Xcode 14.0";
			developmentRegion = en;
			hasScannedForEncodings = 0;
			knownRegions = (
				en,
				Base,
			);
			mainGroup = 973327B62B46FB2A00A9AE92;
			productRefGroup = 973327C02B46FB2A00A9AE92 /* Products */;
			projectDirPath = "";
			projectRoot = "";
			targets = (
				973327BE2B46FB2A00A9AE92 /* DZTMS */,
			);
		};
/* End PBXProject section */

/* Begin PBXResourcesBuildPhase section */
		973327BD2B46FB2A00A9AE92 /* Resources */ = {
			isa = PBXResourcesBuildPhase;
			buildActionMask = 2147483647;
			files = (
				973327D72B46FBE800A9AE92 /* View2.storyboard in Resources */,
				973327CF2B46FB2C00A9AE92 /* LaunchScreen.storyboard in Resources */,
				973327CC2B46FB2C00A9AE92 /* Assets.xcassets in Resources */,
				973327CA2B46FB2A00A9AE92 /* Main.storyboard in Resources */,
			);
			runOnlyForDeploymentPostprocessing = 0;
		};
/* End PBXResourcesBuildPhase section */

/* Begin PBXSourcesBuildPhase section */
		973327BB2B46FB2A00A9AE92 /* Sources */ = {
			isa = PBXSourcesBuildPhase;
			buildActionMask = 2147483647;
			files = (
				973327D92B46FCCD00A9AE92 /* View2ViewController.swift in Sources */,
				973327C72B46FB2A00A9AE92 /* ViewController.swift in Sources */,
				973327C32B46FB2A00A9AE92 /* AppDelegate.swift in Sources */,
				973327C52B46FB2A00A9AE92 /* SceneDelegate.swift in Sources */,
			);
			runOnlyForDeploymentPostprocessing = 0;
		};
/* End PBXSourcesBuildPhase section */

/* Begin PBXVariantGroup section */
		973327C82B46FB2A00A9AE92 /* Main.storyboard */ = {
			isa = PBXVariantGroup;
			children = (
				973327C92B46FB2A00A9AE92 /* Base */,
			);
			name = Main.storyboard;
			sourceTree = "<group>";
		};
		973327CD2B46FB2C00A9AE92 /* LaunchScreen.storyboard */ = {
			isa = PBXVariantGroup;
			children = (
				973327CE2B46FB2C00A9AE92 /* Base */,
			);
			name = LaunchScreen.storyboard;
			sourceTree = "<group>";
		};
/* End PBXVariantGroup section */

/* Begin XCBuildConfiguration section */
		973327D12B46FB2C00A9AE92 /* Debug */ = {
			isa = XCBuildConfiguration;
			buildSettings = {
				ALWAYS_SEARCH_USER_PATHS = NO;
				CLANG_ANALYZER_NONNULL = YES;
				CLANG_ANALYZER_NUMBER_OBJECT_CONVERSION = YES_AGGRESSIVE;
				CLANG_CXX_LANGUAGE_STANDARD = "gnu++20";
				CLANG_ENABLE_MODULES = YES;
				CLANG_ENABLE_OBJC_ARC = YES;
				CLANG_ENABLE_OBJC_WEAK = YES;
				CLANG_WARN_BLOCK_CAPTURE_AUTORELEASING = YES;
				CLANG_WARN_BOOL_CONVERSION = YES;
				CLANG_WARN_COMMA = YES;
				CLANG_WARN_CONSTANT_CONVERSION = YES;
				CLANG_WARN_DEPRECATED_OBJC_IMPLEMENTATIONS = YES;
				CLANG_WARN_DIRECT_OBJC_ISA_USAGE = YES_ERROR;
				CLANG_WARN_DOCUMENTATION_COMMENTS = YES;
				CLANG_WARN_EMPTY_BODY = YES;
				CLANG_WARN_ENUM_CONVERSION = YES;
				CLANG_WARN_INFINITE_RECURSION = YES;
				CLANG_WARN_INT_CONVERSION = YES;
				CLANG_WARN_NON_LITERAL_NULL_CONVERSION = YES;
				CLANG_WARN_OBJC_IMPLICIT_RETAIN_SELF = YES;
				CLANG_WARN_OBJC_LITERAL_CONVERSION = YES;
				CLANG_WARN_OBJC_ROOT_CLASS = YES_ERROR;
				CLANG_WARN_QUOTED_INCLUDE_IN_FRAMEWORK_HEADER = YES;
				CLANG_WARN_RANGE_LOOP_ANALYSIS = YES;
				CLANG_WARN_STRICT_PROTOTYPES = YES;
				CLANG_WARN_SUSPICIOUS_MOVE = YES;
				CLANG_WARN_UNGUARDED_AVAILABILITY = YES_AGGRESSIVE;
				CLANG_WARN_UNREACHABLE_CODE = YES;
				CLANG_WARN__DUPLICATE_METHOD_MATCH = YES;
				COPY_PHASE_STRIP = NO;
				DEBUG_INFORMATION_FORMAT = dwarf;
				ENABLE_STRICT_OBJC_MSGSEND = YES;
				ENABLE_TESTABILITY = YES;
				GCC_C_LANGUAGE_STANDARD = gnu11;
				GCC_DYNAMIC_NO_PIC = NO;
				GCC_NO_COMMON_BLOCKS = YES;
				GCC_OPTIMIZATION_LEVEL = 0;
				GCC_PREPROCESSOR_DEFINITIONS = (
					"DEBUG=1",
					"$(inherited)",
				);
				GCC_WARN_64_TO_32_BIT_CONVERSION = YES;
				GCC_WARN_ABOUT_RETURN_TYPE = YES_ERROR;
				GCC_WARN_UNDECLARED_SELECTOR = YES;
				GCC_WARN_UNINITIALIZED_AUTOS = YES_AGGRESSIVE;
				GCC_WARN_UNUSED_FUNCTION = YES;
				GCC_WARN_UNUSED_VARIABLE = YES;
				IPHONEOS_DEPLOYMENT_TARGET = 16.2;
				MTL_ENABLE_DEBUG_INFO = INCLUDE_SOURCE;
				MTL_FAST_MATH = YES;
				ONLY_ACTIVE_ARCH = YES;
				SDKROOT = iphoneos;
				SWIFT_ACTIVE_COMPILATION_CONDITIONS = DEBUG;
				SWIFT_OPTIMIZATION_LEVEL = "-Onone";
			};
			name = Debug;
		};
		973327D22B46FB2C00A9AE92 /* Release */ = {
			isa = XCBuildConfiguration;
			buildSettings = {
				ALWAYS_SEARCH_USER_PATHS = NO;
				CLANG_ANALYZER_NONNULL = YES;
				CLANG_ANALYZER_NUMBER_OBJECT_CONVERSION = YES_AGGRESSIVE;
				CLANG_CXX_LANGUAGE_STANDARD = "gnu++20";
				CLANG_ENABLE_MODULES = YES;
				CLANG_ENABLE_OBJC_ARC = YES;
				CLANG_ENABLE_OBJC_WEAK = YES;
				CLANG_WARN_BLOCK_CAPTURE_AUTORELEASING = YES;
				CLANG_WARN_BOOL_CONVERSION = YES;
				CLANG_WARN_COMMA = YES;
				CLANG_WARN_CONSTANT_CONVERSION = YES;
				CLANG_WARN_DEPRECATED_OBJC_IMPLEMENTATIONS = YES;
				CLANG_WARN_DIRECT_OBJC_ISA_USAGE = YES_ERROR;
				CLANG_WARN_DOCUMENTATION_COMMENTS = YES;
				CLANG_WARN_EMPTY_BODY = YES;
				CLANG_WARN_ENUM_CONVERSION = YES;
				CLANG_WARN_INFINITE_RECURSION = YES;
				CLANG_WARN_INT_CONVERSION = YES;
				CLANG_WARN_NON_LITERAL_NULL_CONVERSION = YES;
				CLANG_WARN_OBJC_IMPLICIT_RETAIN_SELF = YES;
				CLANG_WARN_OBJC_LITERAL_CONVERSION = YES;
				CLANG_WARN_OBJC_ROOT_CLASS = YES_ERROR;
				CLANG_WARN_QUOTED_INCLUDE_IN_FRAMEWORK_HEADER = YES;
				CLANG_WARN_RANGE_LOOP_ANALYSIS = YES;
				CLANG_WARN_STRICT_PROTOTYPES = YES;
				CLANG_WARN_SUSPICIOUS_MOVE = YES;
				CLANG_WARN_UNGUARDED_AVAILABILITY = YES_AGGRESSIVE;
				CLANG_WARN_UNREACHABLE_CODE = YES;
				CLANG_WARN__DUPLICATE_METHOD_MATCH = YES;
				COPY_PHASE_STRIP = NO;
				DEBUG_INFORMATION_FORMAT = "dwarf-with-dsym";
				ENABLE_NS_ASSERTIONS = NO;
				ENABLE_STRICT_OBJC_MSGSEND = YES;
				GCC_C_LANGUAGE_STANDARD = gnu11;
				GCC_NO_COMMON_BLOCKS = YES;
				GCC_WARN_64_TO_32_BIT_CONVERSION = YES;
				GCC_WARN_ABOUT_RETURN_TYPE = YES_ERROR;
				GCC_WARN_UNDECLARED_SELECTOR = YES;
				GCC_WARN_UNINITIALIZED_AUTOS = YES_AGGRESSIVE;
				GCC_WARN_UNUSED_FUNCTION = YES;
				GCC_WARN_UNUSED_VARIABLE = YES;
				IPHONEOS_DEPLOYMENT_TARGET = 16.2;
				MTL_ENABLE_DEBUG_INFO = NO;
				MTL_FAST_MATH = YES;
				SDKROOT = iphoneos;
				SWIFT_COMPILATION_MODE = wholemodule;
				SWIFT_OPTIMIZATION_LEVEL = "-O";
				VALIDATE_PRODUCT = YES;
			};
			name = Release;
		};
		973327D42B46FB2C00A9AE92 /* Debug */ = {
			isa = XCBuildConfiguration;
			buildSettings = {
				ASSETCATALOG_COMPILER_APPICON_NAME = AppIcon;
				ASSETCATALOG_COMPILER_GLOBAL_ACCENT_COLOR_NAME = AccentColor;
				CODE_SIGN_STYLE = Automatic;
				CURRENT_PROJECT_VERSION = 1;
				DEVELOPMENT_TEAM = 34J5YT7CZ4;
				GENERATE_INFOPLIST_FILE = YES;
				INFOPLIST_FILE = DZTMS/Info.plist;
				INFOPLIST_KEY_UIApplicationSupportsIndirectInputEvents = YES;
				INFOPLIST_KEY_UILaunchStoryboardName = LaunchScreen;
				INFOPLIST_KEY_UIMainStoryboardFile = Main;
				INFOPLIST_KEY_UISupportedInterfaceOrientations_iPad = "UIInterfaceOrientationPortrait UIInterfaceOrientationPortraitUpsideDown UIInterfaceOrientationLandscapeLeft UIInterfaceOrientationLandscapeRight";
				INFOPLIST_KEY_UISupportedInterfaceOrientations_iPhone = "UIInterfaceOrientationPortrait UIInterfaceOrientationLandscapeLeft UIInterfaceOrientationLandscapeRight";
				LD_RUNPATH_SEARCH_PATHS = (
					"$(inherited)",
					"@executable_path/Frameworks",
				);
				MARKETING_VERSION = 1.0;
				PRODUCT_BUNDLE_IDENTIFIER = tms.com.DZTMS;
				PRODUCT_NAME = "$(TARGET_NAME)";
				SWIFT_EMIT_LOC_STRINGS = YES;
				SWIFT_VERSION = 5.0;
				TARGETED_DEVICE_FAMILY = "1,2";
			};
			name = Debug;
		};
		973327D52B46FB2C00A9AE92 /* Release */ = {
			isa = XCBuildConfiguration;
			buildSettings = {
				ASSETCATALOG_COMPILER_APPICON_NAME = AppIcon;
				ASSETCATALOG_COMPILER_GLOBAL_ACCENT_COLOR_NAME = AccentColor;
				CODE_SIGN_STYLE = Automatic;
				CURRENT_PROJECT_VERSION = 1;
				DEVELOPMENT_TEAM = 34J5YT7CZ4;
				GENERATE_INFOPLIST_FILE = YES;
				INFOPLIST_FILE = DZTMS/Info.plist;
				INFOPLIST_KEY_UIApplicationSupportsIndirectInputEvents = YES;
				INFOPLIST_KEY_UILaunchStoryboardName = LaunchScreen;
				INFOPLIST_KEY_UIMainStoryboardFile = Main;
				INFOPLIST_KEY_UISupportedInterfaceOrientations_iPad = "UIInterfaceOrientationPortrait UIInterfaceOrientationPortraitUpsideDown UIInterfaceOrientationLandscapeLeft UIInterfaceOrientationLandscapeRight";
				INFOPLIST_KEY_UISupportedInterfaceOrientations_iPhone = "UIInterfaceOrientationPortrait UIInterfaceOrientationLandscapeLeft UIInterfaceOrientationLandscapeRight";
				LD_RUNPATH_SEARCH_PATHS = (
					"$(inherited)",
					"@executable_path/Frameworks",
				);
				MARKETING_VERSION = 1.0;
				PRODUCT_BUNDLE_IDENTIFIER = tms.com.DZTMS;
				PRODUCT_NAME = "$(TARGET_NAME)";
				SWIFT_EMIT_LOC_STRINGS = YES;
				SWIFT_VERSION = 5.0;
				TARGETED_DEVICE_FAMILY = "1,2";
			};
			name = Release;
		};
/* End XCBuildConfiguration section */

/* Begin XCConfigurationList section */
		973327BA2B46FB2A00A9AE92 /* Build configuration list for PBXProject "DZTMS" */ = {
			isa = XCConfigurationList;
			buildConfigurations = (
				973327D12B46FB2C00A9AE92 /* Debug */,
				973327D22B46FB2C00A9AE92 /* Release */,
			);
			defaultConfigurationIsVisible = 0;
			defaultConfigurationName = Release;
		};
		973327D32B46FB2C00A9AE92 /* Build configuration list for PBXNativeTarget "DZTMS" */ = {
			isa = XCConfigurationList;
			buildConfigurations = (
				973327D42B46FB2C00A9AE92 /* Debug */,
				973327D52B46FB2C00A9AE92 /* Release */,
			);
			defaultConfigurationIsVisible = 0;
			defaultConfigurationName = Release;
		};
/* End XCConfigurationList section */
	};
	rootObject = 973327B72B46FB2A00A9AE92 /* Project object */;
}
